{
  "requires": true,
  "lockfileVersion": 1,
  "dependencies": {
    "allow-cors": {
      "version": "1.0.0",
      "resolved": "https://registry.npmjs.org/allow-cors/-/allow-cors-1.0.0.tgz",
      "integrity": "sha512-pCpLSg8ULJmxsOEOTeQOflquRvtL0ZbR7cM8zElSw1LjFqhJM/YrE+ymEj86nV4zUvUtUB66SgcvBKm0YD+HMg=="
    }
  }
}
